
Microsoft Visual Studio Solution File, Format Version 12.00
# Visual Studio Version 17
VisualStudioVersion = 17.14.36518.9 d17.14
MinimumVisualStudioVersion = 10.0.40219.1
Project("{FAE04EC0-301F-11D3-BF4B-00C04F79EFBC}") = "23011556-064", "23011556-064\23011556-064.csproj", "{3CAC8779-A1C4-40B7-B423-FEFBF059561E}"
EndProject
Global
	GlobalSection(SolutionConfigurationPlatforms) = preSolution
		Debug|Any CPU = Debug|Any CPU
		Release|Any CPU = Release|Any CPU
	EndGlobalSection
	GlobalSection(ProjectConfigurationPlatforms) = postSolution
		{3CAC8779-A1C4-40B7-B423-FEFBF059561E}.Debug|Any CPU.ActiveCfg = Debug|Any CPU
		{3CAC8779-A1C4-40B7-B423-FEFBF059561E}.Debug|Any CPU.Build.0 = Debug|Any CPU
		{3CAC8779-A1C4-40B7-B423-FEFBF059561E}.Release|Any CPU.ActiveCfg = Release|Any CPU
		{3CAC8779-A1C4-40B7-B423-FEFBF059561E}.Release|Any CPU.Build.0 = Release|Any CPU
	EndGlobalSection
	GlobalSection(SolutionProperties) = preSolution
		HideSolutionNode = FALSE
	EndGlobalSection
	GlobalSection(ExtensibilityGlobals) = postSolution
		SolutionGuid = {D2BBEA51-F178-4BAB-8A06-813BABF0F68C}
	EndGlobalSection
EndGlobal
